
Microsoft Visual Studio Solution File, Format Version 12.00
# Visual Studio 15
VisualStudioVersion = 15.0.27004.2010
MinimumVisualStudioVersion = 10.0.40219.1
Project("{FAE04EC0-301F-11D3-BF4B-00C04F79EFBC}") = "ShortCodingTestAPI", "ShortCodingTestAPI\ShortCodingTestAPI.csproj", "{13A04122-08FD-4266-993C-A394CA027EEC}"
EndProject
Project("{FAE04EC0-301F-11D3-BF4B-00C04F79EFBC}") = "ShortCodingServices", "ShortCodingServices\ShortCodingServices.csproj", "{445716DC-F5D7-46AC-B171-32B6A71C6B9D}"
EndProject
Project("{FAE04EC0-301F-11D3-BF4B-00C04F79EFBC}") = "ShortCodingTests", "ShortCodingTests\ShortCodingTests.csproj", "{9178E301-8DDC-4A0E-B930-874FD16D696D}"
EndProject
Global
	GlobalSection(SolutionConfigurationPlatforms) = preSolution
		Debug|Any CPU = Debug|Any CPU
		Release|Any CPU = Release|Any CPU
	EndGlobalSection
	GlobalSection(ProjectConfigurationPlatforms) = postSolution
		{13A04122-08FD-4266-993C-A394CA027EEC}.Debug|Any CPU.ActiveCfg = Debug|Any CPU
		{13A04122-08FD-4266-993C-A394CA027EEC}.Debug|Any CPU.Build.0 = Debug|Any CPU
		{13A04122-08FD-4266-993C-A394CA027EEC}.Release|Any CPU.ActiveCfg = Release|Any CPU
		{13A04122-08FD-4266-993C-A394CA027EEC}.Release|Any CPU.Build.0 = Release|Any CPU
		{445716DC-F5D7-46AC-B171-32B6A71C6B9D}.Debug|Any CPU.ActiveCfg = Debug|Any CPU
		{445716DC-F5D7-46AC-B171-32B6A71C6B9D}.Debug|Any CPU.Build.0 = Debug|Any CPU
		{445716DC-F5D7-46AC-B171-32B6A71C6B9D}.Release|Any CPU.ActiveCfg = Release|Any CPU
		{445716DC-F5D7-46AC-B171-32B6A71C6B9D}.Release|Any CPU.Build.0 = Release|Any CPU
		{9178E301-8DDC-4A0E-B930-874FD16D696D}.Debug|Any CPU.ActiveCfg = Debug|Any CPU
		{9178E301-8DDC-4A0E-B930-874FD16D696D}.Debug|Any CPU.Build.0 = Debug|Any CPU
		{9178E301-8DDC-4A0E-B930-874FD16D696D}.Release|Any CPU.ActiveCfg = Release|Any CPU
		{9178E301-8DDC-4A0E-B930-874FD16D696D}.Release|Any CPU.Build.0 = Release|Any CPU
	EndGlobalSection
	GlobalSection(SolutionProperties) = preSolution
		HideSolutionNode = FALSE
	EndGlobalSection
	GlobalSection(ExtensibilityGlobals) = postSolution
		SolutionGuid = {B522DD53-E148-49BF-8564-26B942D9BD37}
	EndGlobalSection
EndGlobal
